
Microsoft Visual Studio Solution File, Format Version 12.00
# Visual Studio Version 17
VisualStudioVersion = 17.8.34511.84
MinimumVisualStudioVersion = 10.0.40219.1
Project("{FAE04EC0-301F-11D3-BF4B-00C04F79EFBC}") = "Biblioteca de jogos", "Biblioteca de jogos\Biblioteca de jogos.csproj", "{1595BC0D-A88E-4B13-B314-3ACDFDAB513D}"
EndProject
Global
	GlobalSection(SolutionConfigurationPlatforms) = preSolution
		Debug|Any CPU = Debug|Any CPU
		Release|Any CPU = Release|Any CPU
	EndGlobalSection
	GlobalSection(ProjectConfigurationPlatforms) = postSolution
		{1595BC0D-A88E-4B13-B314-3ACDFDAB513D}.Debug|Any CPU.ActiveCfg = Debug|Any CPU
		{1595BC0D-A88E-4B13-B314-3ACDFDAB513D}.Debug|Any CPU.Build.0 = Debug|Any CPU
		{1595BC0D-A88E-4B13-B314-3ACDFDAB513D}.Release|Any CPU.ActiveCfg = Release|Any CPU
		{1595BC0D-A88E-4B13-B314-3ACDFDAB513D}.Release|Any CPU.Build.0 = Release|Any CPU
	EndGlobalSection
	GlobalSection(SolutionProperties) = preSolution
		HideSolutionNode = FALSE
	EndGlobalSection
	GlobalSection(ExtensibilityGlobals) = postSolution
		SolutionGuid = {2F35FA65-E0AC-4EE1-9C63-85A4960978EC}
	EndGlobalSection
EndGlobal
